{
    "name": "waywe",
    "version": "0.1.0",
    "lockfileVersion": 3,
    "requires": true,
    "packages": {
        "": {
            "name": "waywe",
            "version": "0.1.0",
            "license": "MIT",
            "dependencies": {
                "@inquirer/prompts": "^4.1.0",
                "commander": "^12.0.0",
                "shelljs": "^0.8.5"
            },
            "bin": {
                "waywe": "index.js"
            }
        },
        "node_modules/@inquirer/checkbox": {
            "version": "2.1.0",
            "resolved": "https://registry.npmmirror.com/@inquirer/checkbox/-/checkbox-2.1.0.tgz",
            "integrity": "sha512-DyvMAKFoqJ5BCVBqHqiQELSJvwHTqXaJmV1onATgjxyM3vtp6b8xbfPE5feX1pR9wvH+sso02Pb326S92h6Q/A==",
            "dependencies": {
                "@inquirer/core": "^7.0.0",
                "@inquirer/type": "^1.2.0",
                "ansi-escapes": "^4.3.2",
                "chalk": "^4.1.2",
                "figures": "^3.2.0"
            },
            "engines": {
                "node": ">=18"
            }
        },
        "node_modules/@inquirer/confirm": {
            "version": "3.0.0",
            "resolved": "https://registry.npmmirror.com/@inquirer/confirm/-/confirm-3.0.0.tgz",
            "integrity": "sha512-LHeuYP1D8NmQra1eR4UqvZMXwxEdDXyElJmmZfU44xdNLL6+GcQBS0uE16vyfZVjH8c22p9e+DStROfE/hyHrg==",
            "dependencies": {
                "@inquirer/core": "^7.0.0",
                "@inquirer/type": "^1.2.0"
            },
            "engines": {
                "node": ">=18"
            }
        },
        "node_modules/@inquirer/core": {
            "version": "7.0.0",
            "resolved": "https://registry.npmmirror.com/@inquirer/core/-/core-7.0.0.tgz",
            "integrity": "sha512-g13W5yEt9r1sEVVriffJqQ8GWy94OnfxLCreNSOTw0HPVcszmc/If1KIf7YBmlwtX4klmvwpZHnQpl3N7VX2xA==",
            "dependencies": {
                "@inquirer/type": "^1.2.0",
                "@types/mute-stream": "^0.0.4",
                "@types/node": "^20.11.16",
                "@types/wrap-ansi": "^3.0.0",
                "ansi-escapes": "^4.3.2",
                "chalk": "^4.1.2",
                "cli-spinners": "^2.9.2",
                "cli-width": "^4.1.0",
                "figures": "^3.2.0",
                "mute-stream": "^1.0.0",
                "run-async": "^3.0.0",
                "signal-exit": "^4.1.0",
                "strip-ansi": "^6.0.1",
                "wrap-ansi": "^6.2.0"
            },
            "engines": {
                "node": ">=18"
            }
        },
        "node_modules/@inquirer/editor": {
            "version": "2.0.0",
            "resolved": "https://registry.npmmirror.com/@inquirer/editor/-/editor-2.0.0.tgz",
            "integrity": "sha512-0n3agxb1X23A/lx+MI5sV6s/qeywGr4xmKAzZS7ZhToee7L/6DXotWa/VvvwNEoBT0mSuk9SDIAoQ0zLkJmpHg==",
            "dependencies": {
                "@inquirer/core": "^7.0.0",
                "@inquirer/type": "^1.2.0",
                "external-editor": "^3.1.0"
            },
            "engines": {
                "node": ">=18"
            }
        },
        "node_modules/@inquirer/expand": {
            "version": "2.0.0",
            "resolved": "https://registry.npmmirror.com/@inquirer/expand/-/expand-2.0.0.tgz",
            "integrity": "sha512-2VETEz+RyRrIeBwULKc5o+PJzKqbsibyT6IY0oP0XvM/17flO6eW7P+rdGCAvFP6g2hKieIH23ZVrcgsosb1/g==",
            "dependencies": {
                "@inquirer/core": "^7.0.0",
                "@inquirer/type": "^1.2.0",
                "chalk": "^4.1.2",
                "figures": "^3.2.0"
            },
            "engines": {
                "node": ">=18"
            }
        },
        "node_modules/@inquirer/input": {
            "version": "2.0.0",
            "resolved": "https://registry.npmmirror.com/@inquirer/input/-/input-2.0.0.tgz",
            "integrity": "sha512-qOjxSHLzqp/u6TvK7UtidPERoCa6BSSKyKG17aEaSOBl9uAQ4XIIqs9TtcEqwDloakarWS6xxTfR0sE1qvLwIQ==",
            "dependencies": {
                "@inquirer/core": "^7.0.0",
                "@inquirer/type": "^1.2.0"
            },
            "engines": {
                "node": ">=18"
            }
        },
        "node_modules/@inquirer/password": {
            "version": "2.0.0",
            "resolved": "https://registry.npmmirror.com/@inquirer/password/-/password-2.0.0.tgz",
            "integrity": "sha512-PlUek3wTMiGZothmmGIL4OBLo+rDSCxqIUHsyroyM/+AnR3xr5NHMM0/5z6CuptpJs1ZbQewqslaNi7k6goWMw==",
            "dependencies": {
                "@inquirer/core": "^7.0.0",
                "@inquirer/type": "^1.2.0",
                "ansi-escapes": "^4.3.2"
            },
            "engines": {
                "node": ">=18"
            }
        },
        "node_modules/@inquirer/prompts": {
            "version": "4.1.0",
            "resolved": "https://registry.npmmirror.com/@inquirer/prompts/-/prompts-4.1.0.tgz",
            "integrity": "sha512-HUVJ5yLjDUEq61LQiujs26qqFrKIaZOnpzDRmnYT67bsXUD8gxPmLg+DJq2ENniiDSQyBK33qVQIbeeAdR3ZlQ==",
            "dependencies": {
                "@inquirer/checkbox": "^2.1.0",
                "@inquirer/confirm": "^3.0.0",
                "@inquirer/core": "^7.0.0",
                "@inquirer/editor": "^2.0.0",
                "@inquirer/expand": "^2.0.0",
                "@inquirer/input": "^2.0.0",
                "@inquirer/password": "^2.0.0",
                "@inquirer/rawlist": "^2.0.0",
                "@inquirer/select": "^2.0.0"
            },
            "engines": {
                "node": ">=18"
            }
        },
        "node_modules/@inquirer/rawlist": {
            "version": "2.0.0",
            "resolved": "https://registry.npmmirror.com/@inquirer/rawlist/-/rawlist-2.0.0.tgz",
            "integrity": "sha512-o4jHJBAvknVE6K15zX8AuLMemb1eN1EL0l+BIbJ2JgtpoU2zSuLf6jT98omvtWk/gbaowjw7RLsW7X5F+G19KA==",
            "dependencies": {
                "@inquirer/core": "^7.0.0",
                "@inquirer/type": "^1.2.0",
                "chalk": "^4.1.2"
            },
            "engines": {
                "node": ">=18"
            }
        },
        "node_modules/@inquirer/select": {
            "version": "2.0.0",
            "resolved": "https://registry.npmmirror.com/@inquirer/select/-/select-2.0.0.tgz",
            "integrity": "sha512-ZxWP1gHbReAH6HdoNQRV/9W/UjgKSeiiQX2DxJ6w3GDiQeC3fRAL+lukuMM+QGteGqaTjWwIEWhPLvgbGIrRgg==",
            "dependencies": {
                "@inquirer/core": "^7.0.0",
                "@inquirer/type": "^1.2.0",
                "ansi-escapes": "^4.3.2",
                "chalk": "^4.1.2",
                "figures": "^3.2.0"
            },
            "engines": {
                "node": ">=18"
            }
        },
        "node_modules/@inquirer/type": {
            "version": "1.2.0",
            "resolved": "https://registry.npmmirror.com/@inquirer/type/-/type-1.2.0.tgz",
            "integrity": "sha512-/vvkUkYhrjbm+RolU7V1aUFDydZVKNKqKHR5TsE+j5DXgXFwrsOPcoGUJ02K0O7q7O53CU2DOTMYCHeGZ25WHA==",
            "engines": {
                "node": ">=18"
            }
        },
        "node_modules/@types/mute-stream": {
            "version": "0.0.4",
            "resolved": "https://registry.npmmirror.com/@types/mute-stream/-/mute-stream-0.0.4.tgz",
            "integrity": "sha512-CPM9nzrCPPJHQNA9keH9CVkVI+WR5kMa+7XEs5jcGQ0VoAGnLv242w8lIVgwAEfmE4oufJRaTc9PNLQl0ioAow==",
            "dependencies": {
                "@types/node": "*"
            }
        },
        "node_modules/@types/node": {
            "version": "20.11.19",
            "resolved": "https://registry.npmmirror.com/@types/node/-/node-20.11.19.tgz",
            "integrity": "sha512-7xMnVEcZFu0DikYjWOlRq7NTPETrm7teqUT2WkQjrTIkEgUyyGdWsj/Zg8bEJt5TNklzbPD1X3fqfsHw3SpapQ==",
            "dependencies": {
                "undici-types": "~5.26.4"
            }
        },
        "node_modules/@types/wrap-ansi": {
            "version": "3.0.0",
            "resolved": "https://registry.npmmirror.com/@types/wrap-ansi/-/wrap-ansi-3.0.0.tgz",
            "integrity": "sha512-ltIpx+kM7g/MLRZfkbL7EsCEjfzCcScLpkg37eXEtx5kmrAKBkTJwd1GIAjDSL8wTpM6Hzn5YO4pSb91BEwu1g=="
        },
        "node_modules/ansi-escapes": {
            "version": "4.3.2",
            "resolved": "https://registry.npmmirror.com/ansi-escapes/-/ansi-escapes-4.3.2.tgz",
            "integrity": "sha512-gKXj5ALrKWQLsYG9jlTRmR/xKluxHV+Z9QEwNIgCfM1/uwPMCuzVVnh5mwTd+OuBZcwSIMbqssNWRm1lE51QaQ==",
            "dependencies": {
                "type-fest": "^0.21.3"
            },
            "engines": {
                "node": ">=8"
            },
            "funding": {
                "url": "https://github.com/sponsors/sindresorhus"
            }
        },
        "node_modules/ansi-regex": {
            "version": "5.0.1",
            "resolved": "https://registry.npmmirror.com/ansi-regex/-/ansi-regex-5.0.1.tgz",
            "integrity": "sha512-quJQXlTSUGL2LH9SUXo8VwsY4soanhgo6LNSm84E1LBcE8s3O0wpdiRzyR9z/ZZJMlMWv37qOOb9pdJlMUEKFQ==",
            "engines": {
                "node": ">=8"
            }
        },
        "node_modules/ansi-styles": {
            "version": "4.3.0",
            "resolved": "https://registry.npmmirror.com/ansi-styles/-/ansi-styles-4.3.0.tgz",
            "integrity": "sha512-zbB9rCJAT1rbjiVDb2hqKFHNYLxgtk8NURxZ3IZwD3F6NtxbXZQCnnSi1Lkx+IDohdPlFp222wVALIheZJQSEg==",
            "dependencies": {
                "color-convert": "^2.0.1"
            },
            "engines": {
                "node": ">=8"
            },
            "funding": {
                "url": "https://github.com/chalk/ansi-styles?sponsor=1"
            }
        },
        "node_modules/balanced-match": {
            "version": "1.0.2",
            "resolved": "https://registry.npmmirror.com/balanced-match/-/balanced-match-1.0.2.tgz",
            "integrity": "sha512-3oSeUO0TMV67hN1AmbXsK4yaqU7tjiHlbxRDZOpH0KW9+CeX4bRAaX0Anxt0tx2MrpRpWwQaPwIlISEJhYU5Pw=="
        },
        "node_modules/brace-expansion": {
            "version": "1.1.11",
            "resolved": "https://registry.npmmirror.com/brace-expansion/-/brace-expansion-1.1.11.tgz",
            "integrity": "sha512-iCuPHDFgrHX7H2vEI/5xpz07zSHB00TpugqhmYtVmMO6518mCuRMoOYFldEBl0g187ufozdaHgWKcYFb61qGiA==",
            "dependencies": {
                "balanced-match": "^1.0.0",
                "concat-map": "0.0.1"
            }
        },
        "node_modules/chalk": {
            "version": "4.1.2",
            "resolved": "https://registry.npmmirror.com/chalk/-/chalk-4.1.2.tgz",
            "integrity": "sha512-oKnbhFyRIXpUuez8iBMmyEa4nbj4IOQyuhc/wy9kY7/WVPcwIO9VA668Pu8RkO7+0G76SLROeyw9CpQ061i4mA==",
            "dependencies": {
                "ansi-styles": "^4.1.0",
                "supports-color": "^7.1.0"
            },
            "engines": {
                "node": ">=10"
            },
            "funding": {
                "url": "https://github.com/chalk/chalk?sponsor=1"
            }
        },
        "node_modules/chardet": {
            "version": "0.7.0",
            "resolved": "https://registry.npmmirror.com/chardet/-/chardet-0.7.0.tgz",
            "integrity": "sha512-mT8iDcrh03qDGRRmoA2hmBJnxpllMR+0/0qlzjqZES6NdiWDcZkCNAk4rPFZ9Q85r27unkiNNg8ZOiwZXBHwcA=="
        },
        "node_modules/cli-spinners": {
            "version": "2.9.2",
            "resolved": "https://registry.npmmirror.com/cli-spinners/-/cli-spinners-2.9.2.tgz",
            "integrity": "sha512-ywqV+5MmyL4E7ybXgKys4DugZbX0FC6LnwrhjuykIjnK9k8OQacQ7axGKnjDXWNhns0xot3bZI5h55H8yo9cJg==",
            "engines": {
                "node": ">=6"
            },
            "funding": {
                "url": "https://github.com/sponsors/sindresorhus"
            }
        },
        "node_modules/cli-width": {
            "version": "4.1.0",
            "resolved": "https://registry.npmmirror.com/cli-width/-/cli-width-4.1.0.tgz",
            "integrity": "sha512-ouuZd4/dm2Sw5Gmqy6bGyNNNe1qt9RpmxveLSO7KcgsTnU7RXfsw+/bukWGo1abgBiMAic068rclZsO4IWmmxQ==",
            "engines": {
                "node": ">= 12"
            }
        },
        "node_modules/color-convert": {
            "version": "2.0.1",
            "resolved": "https://registry.npmmirror.com/color-convert/-/color-convert-2.0.1.tgz",
            "integrity": "sha512-RRECPsj7iu/xb5oKYcsFHSppFNnsj/52OVTRKb4zP5onXwVF3zVmmToNcOfGC+CRDpfK/U584fMg38ZHCaElKQ==",
            "dependencies": {
                "color-name": "~1.1.4"
            },
            "engines": {
                "node": ">=7.0.0"
            }
        },
        "node_modules/color-name": {
            "version": "1.1.4",
            "resolved": "https://registry.npmmirror.com/color-name/-/color-name-1.1.4.tgz",
            "integrity": "sha512-dOy+3AuW3a2wNbZHIuMZpTcgjGuLU/uBL/ubcZF9OXbDo8ff4O8yVp5Bf0efS8uEoYo5q4Fx7dY9OgQGXgAsQA=="
        },
        "node_modules/commander": {
            "version": "12.0.0",
            "resolved": "https://registry.npmmirror.com/commander/-/commander-12.0.0.tgz",
            "integrity": "sha512-MwVNWlYjDTtOjX5PiD7o5pK0UrFU/OYgcJfjjK4RaHZETNtjJqrZa9Y9ds88+A+f+d5lv+561eZ+yCKoS3gbAA==",
            "engines": {
                "node": ">=18"
            }
        },
        "node_modules/concat-map": {
            "version": "0.0.1",
            "resolved": "https://registry.npmmirror.com/concat-map/-/concat-map-0.0.1.tgz",
            "integrity": "sha512-/Srv4dswyQNBfohGpz9o6Yb3Gz3SrUDqBH5rTuhGR7ahtlbYKnVxw2bCFMRljaA7EXHaXZ8wsHdodFvbkhKmqg=="
        },
        "node_modules/emoji-regex": {
            "version": "8.0.0",
            "resolved": "https://registry.npmmirror.com/emoji-regex/-/emoji-regex-8.0.0.tgz",
            "integrity": "sha512-MSjYzcWNOA0ewAHpz0MxpYFvwg6yjy1NG3xteoqz644VCo/RPgnr1/GGt+ic3iJTzQ8Eu3TdM14SawnVUmGE6A=="
        },
        "node_modules/escape-string-regexp": {
            "version": "1.0.5",
            "resolved": "https://registry.npmmirror.com/escape-string-regexp/-/escape-string-regexp-1.0.5.tgz",
            "integrity": "sha512-vbRorB5FUQWvla16U8R/qgaFIya2qGzwDrNmCZuYKrbdSUMG6I1ZCGQRefkRVhuOkIGVne7BQ35DSfo1qvJqFg==",
            "engines": {
                "node": ">=0.8.0"
            }
        },
        "node_modules/external-editor": {
            "version": "3.1.0",
            "resolved": "https://registry.npmmirror.com/external-editor/-/external-editor-3.1.0.tgz",
            "integrity": "sha512-hMQ4CX1p1izmuLYyZqLMO/qGNw10wSv9QDCPfzXfyFrOaCSSoRfqE1Kf1s5an66J5JZC62NewG+mK49jOCtQew==",
            "dependencies": {
                "chardet": "^0.7.0",
                "iconv-lite": "^0.4.24",
                "tmp": "^0.0.33"
            },
            "engines": {
                "node": ">=4"
            }
        },
        "node_modules/figures": {
            "version": "3.2.0",
            "resolved": "https://registry.npmmirror.com/figures/-/figures-3.2.0.tgz",
            "integrity": "sha512-yaduQFRKLXYOGgEn6AZau90j3ggSOyiqXU0F9JZfeXYhNa+Jk4X+s45A2zg5jns87GAFa34BBm2kXw4XpNcbdg==",
            "dependencies": {
                "escape-string-regexp": "^1.0.5"
            },
            "engines": {
                "node": ">=8"
            },
            "funding": {
                "url": "https://github.com/sponsors/sindresorhus"
            }
        },
        "node_modules/fs.realpath": {
            "version": "1.0.0",
            "resolved": "https://registry.npmmirror.com/fs.realpath/-/fs.realpath-1.0.0.tgz",
            "integrity": "sha512-OO0pH2lK6a0hZnAdau5ItzHPI6pUlvI7jMVnxUQRtw4owF2wk8lOSabtGDCTP4Ggrg2MbGnWO9X8K1t4+fGMDw=="
        },
        "node_modules/function-bind": {
            "version": "1.1.2",
            "resolved": "https://registry.npmmirror.com/function-bind/-/function-bind-1.1.2.tgz",
            "integrity": "sha512-7XHNxH7qX9xG5mIwxkhumTox/MIRNcOgDrxWsMt2pAr23WHp6MrRlN7FBSFpCpr+oVO0F744iUgR82nJMfG2SA==",
            "funding": {
                "url": "https://github.com/sponsors/ljharb"
            }
        },
        "node_modules/glob": {
            "version": "7.2.3",
            "resolved": "https://registry.npmmirror.com/glob/-/glob-7.2.3.tgz",
            "integrity": "sha512-nFR0zLpU2YCaRxwoCJvL6UvCH2JFyFVIvwTLsIf21AuHlMskA1hhTdk+LlYJtOlYt9v6dvszD2BGRqBL+iQK9Q==",
            "dependencies": {
                "fs.realpath": "^1.0.0",
                "inflight": "^1.0.4",
                "inherits": "2",
                "minimatch": "^3.1.1",
                "once": "^1.3.0",
                "path-is-absolute": "^1.0.0"
            },
            "engines": {
                "node": "*"
            },
            "funding": {
                "url": "https://github.com/sponsors/isaacs"
            }
        },
        "node_modules/has-flag": {
            "version": "4.0.0",
            "resolved": "https://registry.npmmirror.com/has-flag/-/has-flag-4.0.0.tgz",
            "integrity": "sha512-EykJT/Q1KjTWctppgIAgfSO0tKVuZUjhgMr17kqTumMl6Afv3EISleU7qZUzoXDFTAHTDC4NOoG/ZxU3EvlMPQ==",
            "engines": {
                "node": ">=8"
            }
        },
        "node_modules/hasown": {
            "version": "2.0.1",
            "resolved": "https://registry.npmmirror.com/hasown/-/hasown-2.0.1.tgz",
            "integrity": "sha512-1/th4MHjnwncwXsIW6QMzlvYL9kG5e/CpVvLRZe4XPa8TOUNbCELqmvhDmnkNsAjwaG4+I8gJJL0JBvTTLO9qA==",
            "dependencies": {
                "function-bind": "^1.1.2"
            },
            "engines": {
                "node": ">= 0.4"
            }
        },
        "node_modules/iconv-lite": {
            "version": "0.4.24",
            "resolved": "https://registry.npmmirror.com/iconv-lite/-/iconv-lite-0.4.24.tgz",
            "integrity": "sha512-v3MXnZAcvnywkTUEZomIActle7RXXeedOR31wwl7VlyoXO4Qi9arvSenNQWne1TcRwhCL1HwLI21bEqdpj8/rA==",
            "dependencies": {
                "safer-buffer": ">= 2.1.2 < 3"
            },
            "engines": {
                "node": ">=0.10.0"
            }
        },
        "node_modules/inflight": {
            "version": "1.0.6",
            "resolved": "https://registry.npmmirror.com/inflight/-/inflight-1.0.6.tgz",
            "integrity": "sha512-k92I/b08q4wvFscXCLvqfsHCrjrF7yiXsQuIVvVE7N82W3+aqpzuUdBbfhWcy/FZR3/4IgflMgKLOsvPDrGCJA==",
            "dependencies": {
                "once": "^1.3.0",
                "wrappy": "1"
            }
        },
        "node_modules/inherits": {
            "version": "2.0.4",
            "resolved": "https://registry.npmmirror.com/inherits/-/inherits-2.0.4.tgz",
            "integrity": "sha512-k/vGaX4/Yla3WzyMCvTQOXYeIHvqOKtnqBduzTHpzpQZzAskKMhZ2K+EnBiSM9zGSoIFeMpXKxa4dYeZIQqewQ=="
        },
        "node_modules/interpret": {
            "version": "1.4.0",
            "resolved": "https://registry.npmmirror.com/interpret/-/interpret-1.4.0.tgz",
            "integrity": "sha512-agE4QfB2Lkp9uICn7BAqoscw4SZP9kTE2hxiFI3jBPmXJfdqiahTbUuKGsMoN2GtqL9AxhYioAcVvgsb1HvRbA==",
            "engines": {
                "node": ">= 0.10"
            }
        },
        "node_modules/is-core-module": {
            "version": "2.13.1",
            "resolved": "https://registry.npmmirror.com/is-core-module/-/is-core-module-2.13.1.tgz",
            "integrity": "sha512-hHrIjvZsftOsvKSn2TRYl63zvxsgE0K+0mYMoH6gD4omR5IWB2KynivBQczo3+wF1cCkjzvptnI9Q0sPU66ilw==",
            "dependencies": {
                "hasown": "^2.0.0"
            },
            "funding": {
                "url": "https://github.com/sponsors/ljharb"
            }
        },
        "node_modules/is-fullwidth-code-point": {
            "version": "3.0.0",
            "resolved": "https://registry.npmmirror.com/is-fullwidth-code-point/-/is-fullwidth-code-point-3.0.0.tgz",
            "integrity": "sha512-zymm5+u+sCsSWyD9qNaejV3DFvhCKclKdizYaJUuHA83RLjb7nSuGnddCHGv0hk+KY7BMAlsWeK4Ueg6EV6XQg==",
            "engines": {
                "node": ">=8"
            }
        },
        "node_modules/minimatch": {
            "version": "3.1.2",
            "resolved": "https://registry.npmmirror.com/minimatch/-/minimatch-3.1.2.tgz",
            "integrity": "sha512-J7p63hRiAjw1NDEww1W7i37+ByIrOWO5XQQAzZ3VOcL0PNybwpfmV/N05zFAzwQ9USyEcX6t3UO+K5aqBQOIHw==",
            "dependencies": {
                "brace-expansion": "^1.1.7"
            },
            "engines": {
                "node": "*"
            }
        },
        "node_modules/mute-stream": {
            "version": "1.0.0",
            "resolved": "https://registry.npmmirror.com/mute-stream/-/mute-stream-1.0.0.tgz",
            "integrity": "sha512-avsJQhyd+680gKXyG/sQc0nXaC6rBkPOfyHYcFb9+hdkqQkR9bdnkJ0AMZhke0oesPqIO+mFFJ+IdBc7mst4IA==",
            "engines": {
                "node": "^14.17.0 || ^16.13.0 || >=18.0.0"
            }
        },
        "node_modules/once": {
            "version": "1.4.0",
            "resolved": "https://registry.npmmirror.com/once/-/once-1.4.0.tgz",
            "integrity": "sha512-lNaJgI+2Q5URQBkccEKHTQOPaXdUxnZZElQTZY0MFUAuaEqe1E+Nyvgdz/aIyNi6Z9MzO5dv1H8n58/GELp3+w==",
            "dependencies": {
                "wrappy": "1"
            }
        },
        "node_modules/os-tmpdir": {
            "version": "1.0.2",
            "resolved": "https://registry.npmmirror.com/os-tmpdir/-/os-tmpdir-1.0.2.tgz",
            "integrity": "sha512-D2FR03Vir7FIu45XBY20mTb+/ZSWB00sjU9jdQXt83gDrI4Ztz5Fs7/yy74g2N5SVQY4xY1qDr4rNddwYRVX0g==",
            "engines": {
                "node": ">=0.10.0"
            }
        },
        "node_modules/path-is-absolute": {
            "version": "1.0.1",
            "resolved": "https://registry.npmmirror.com/path-is-absolute/-/path-is-absolute-1.0.1.tgz",
            "integrity": "sha512-AVbw3UJ2e9bq64vSaS9Am0fje1Pa8pbGqTTsmXfaIiMpnr5DlDhfJOuLj9Sf95ZPVDAUerDfEk88MPmPe7UCQg==",
            "engines": {
                "node": ">=0.10.0"
            }
        },
        "node_modules/path-parse": {
            "version": "1.0.7",
            "resolved": "https://registry.npmmirror.com/path-parse/-/path-parse-1.0.7.tgz",
            "integrity": "sha512-LDJzPVEEEPR+y48z93A0Ed0yXb8pAByGWo/k5YYdYgpY2/2EsOsksJrq7lOHxryrVOn1ejG6oAp8ahvOIQD8sw=="
        },
        "node_modules/rechoir": {
            "version": "0.6.2",
            "resolved": "https://registry.npmmirror.com/rechoir/-/rechoir-0.6.2.tgz",
            "integrity": "sha512-HFM8rkZ+i3zrV+4LQjwQ0W+ez98pApMGM3HUrN04j3CqzPOzl9nmP15Y8YXNm8QHGv/eacOVEjqhmWpkRV0NAw==",
            "dependencies": {
                "resolve": "^1.1.6"
            },
            "engines": {
                "node": ">= 0.10"
            }
        },
        "node_modules/resolve": {
            "version": "1.22.8",
            "resolved": "https://registry.npmmirror.com/resolve/-/resolve-1.22.8.tgz",
            "integrity": "sha512-oKWePCxqpd6FlLvGV1VU0x7bkPmmCNolxzjMf4NczoDnQcIWrAF+cPtZn5i6n+RfD2d9i0tzpKnG6Yk168yIyw==",
            "dependencies": {
                "is-core-module": "^2.13.0",
                "path-parse": "^1.0.7",
                "supports-preserve-symlinks-flag": "^1.0.0"
            },
            "bin": {
                "resolve": "bin/resolve"
            },
            "funding": {
                "url": "https://github.com/sponsors/ljharb"
            }
        },
        "node_modules/run-async": {
            "version": "3.0.0",
            "resolved": "https://registry.npmmirror.com/run-async/-/run-async-3.0.0.tgz",
            "integrity": "sha512-540WwVDOMxA6dN6We19EcT9sc3hkXPw5mzRNGM3FkdN/vtE9NFvj5lFAPNwUDmJjXidm3v7TC1cTE7t17Ulm1Q==",
            "engines": {
                "node": ">=0.12.0"
            }
        },
        "node_modules/safer-buffer": {
            "version": "2.1.2",
            "resolved": "https://registry.npmmirror.com/safer-buffer/-/safer-buffer-2.1.2.tgz",
            "integrity": "sha512-YZo3K82SD7Riyi0E1EQPojLz7kpepnSQI9IyPbHHg1XXXevb5dJI7tpyN2ADxGcQbHG7vcyRHk0cbwqcQriUtg=="
        },
        "node_modules/shelljs": {
            "version": "0.8.5",
            "resolved": "https://registry.npmmirror.com/shelljs/-/shelljs-0.8.5.tgz",
            "integrity": "sha512-TiwcRcrkhHvbrZbnRcFYMLl30Dfov3HKqzp5tO5b4pt6G/SezKcYhmDg15zXVBswHmctSAQKznqNW2LO5tTDow==",
            "dependencies": {
                "glob": "^7.0.0",
                "interpret": "^1.0.0",
                "rechoir": "^0.6.2"
            },
            "bin": {
                "shjs": "bin/shjs"
            },
            "engines": {
                "node": ">=4"
            }
        },
        "node_modules/signal-exit": {
            "version": "4.1.0",
            "resolved": "https://registry.npmmirror.com/signal-exit/-/signal-exit-4.1.0.tgz",
            "integrity": "sha512-bzyZ1e88w9O1iNJbKnOlvYTrWPDl46O1bG0D3XInv+9tkPrxrN8jUUTiFlDkkmKWgn1M6CfIA13SuGqOa9Korw==",
            "engines": {
                "node": ">=14"
            },
            "funding": {
                "url": "https://github.com/sponsors/isaacs"
            }
        },
        "node_modules/string-width": {
            "version": "4.2.3",
            "resolved": "https://registry.npmmirror.com/string-width/-/string-width-4.2.3.tgz",
            "integrity": "sha512-wKyQRQpjJ0sIp62ErSZdGsjMJWsap5oRNihHhu6G7JVO/9jIB6UyevL+tXuOqrng8j/cxKTWyWUwvSTriiZz/g==",
            "dependencies": {
                "emoji-regex": "^8.0.0",
                "is-fullwidth-code-point": "^3.0.0",
                "strip-ansi": "^6.0.1"
            },
            "engines": {
                "node": ">=8"
            }
        },
        "node_modules/strip-ansi": {
            "version": "6.0.1",
            "resolved": "https://registry.npmmirror.com/strip-ansi/-/strip-ansi-6.0.1.tgz",
            "integrity": "sha512-Y38VPSHcqkFrCpFnQ9vuSXmquuv5oXOKpGeT6aGrr3o3Gc9AlVa6JBfUSOCnbxGGZF+/0ooI7KrPuUSztUdU5A==",
            "dependencies": {
                "ansi-regex": "^5.0.1"
            },
            "engines": {
                "node": ">=8"
            }
        },
        "node_modules/supports-color": {
            "version": "7.2.0",
            "resolved": "https://registry.npmmirror.com/supports-color/-/supports-color-7.2.0.tgz",
            "integrity": "sha512-qpCAvRl9stuOHveKsn7HncJRvv501qIacKzQlO/+Lwxc9+0q2wLyv4Dfvt80/DPn2pqOBsJdDiogXGR9+OvwRw==",
            "dependencies": {
                "has-flag": "^4.0.0"
            },
            "engines": {
                "node": ">=8"
            }
        },
        "node_modules/supports-preserve-symlinks-flag": {
            "version": "1.0.0",
            "resolved": "https://registry.npmmirror.com/supports-preserve-symlinks-flag/-/supports-preserve-symlinks-flag-1.0.0.tgz",
            "integrity": "sha512-ot0WnXS9fgdkgIcePe6RHNk1WA8+muPa6cSjeR3V8K27q9BB1rTE3R1p7Hv0z1ZyAc8s6Vvv8DIyWf681MAt0w==",
            "engines": {
                "node": ">= 0.4"
            },
            "funding": {
                "url": "https://github.com/sponsors/ljharb"
            }
        },
        "node_modules/tmp": {
            "version": "0.0.33",
            "resolved": "https://registry.npmmirror.com/tmp/-/tmp-0.0.33.tgz",
            "integrity": "sha512-jRCJlojKnZ3addtTOjdIqoRuPEKBvNXcGYqzO6zWZX8KfKEpnGY5jfggJQ3EjKuu8D4bJRr0y+cYJFmYbImXGw==",
            "dependencies": {
                "os-tmpdir": "~1.0.2"
            },
            "engines": {
                "node": ">=0.6.0"
            }
        },
        "node_modules/type-fest": {
            "version": "0.21.3",
            "resolved": "https://registry.npmmirror.com/type-fest/-/type-fest-0.21.3.tgz",
            "integrity": "sha512-t0rzBq87m3fVcduHDUFhKmyyX+9eo6WQjZvf51Ea/M0Q7+T374Jp1aUiyUl0GKxp8M/OETVHSDvmkyPgvX+X2w==",
            "engines": {
                "node": ">=10"
            },
            "funding": {
                "url": "https://github.com/sponsors/sindresorhus"
            }
        },
        "node_modules/undici-types": {
            "version": "5.26.5",
            "resolved": "https://registry.npmmirror.com/undici-types/-/undici-types-5.26.5.tgz",
            "integrity": "sha512-JlCMO+ehdEIKqlFxk6IfVoAUVmgz7cU7zD/h9XZ0qzeosSHmUJVOzSQvvYSYWXkFXC+IfLKSIffhv0sVZup6pA=="
        },
        "node_modules/wrap-ansi": {
            "version": "6.2.0",
            "resolved": "https://registry.npmmirror.com/wrap-ansi/-/wrap-ansi-6.2.0.tgz",
            "integrity": "sha512-r6lPcBGxZXlIcymEu7InxDMhdW0KDxpLgoFLcguasxCaJ/SOIZwINatK9KY/tf+ZrlywOKU0UDj3ATXUBfxJXA==",
            "dependencies": {
                "ansi-styles": "^4.0.0",
                "string-width": "^4.1.0",
                "strip-ansi": "^6.0.0"
            },
            "engines": {
                "node": ">=8"
            }
        },
        "node_modules/wrappy": {
            "version": "1.0.2",
            "resolved": "https://registry.npmmirror.com/wrappy/-/wrappy-1.0.2.tgz",
            "integrity": "sha512-l4Sp/DRseor9wL6EvV2+TuQn63dMkPjZ/sp9XkghTEbV9KlPS1xUsZ3u7/IQO4wxtcFB4bgpQPRcR3QCvezPcQ=="
        }
    }
}
